// !$*UTF8*$!
{
	archiveVersion = 1;
	classes = {
	};
	objectVersion = 55;
	objects = {

/* Begin PBXBuildFile section */
		613810AE317D8854763C7B7E /* Pods_TravelBook_TravelBookUITests.framework in Frameworks */ = {isa = PBXBuildFile; fileRef = 882B4B58183BE82B09A721B5 /* Pods_TravelBook_TravelBookUITests.framework */; };
		64129E9927D1D4D300BFEAB4 /* DetailDescriptionTableViewCell.swift in Sources */ = {isa = PBXBuildFile; fileRef = 64129E9827D1D4D300BFEAB4 /* DetailDescriptionTableViewCell.swift */; };
		64129E9B27D2045E00BFEAB4 /* DetailNameTableViewCell.swift in Sources */ = {isa = PBXBuildFile; fileRef = 64129E9A27D2045E00BFEAB4 /* DetailNameTableViewCell.swift */; };
		64129E9D27D20A6D00BFEAB4 /* DetailMapViewTableViewCell.swift in Sources */ = {isa = PBXBuildFile; fileRef = 64129E9C27D20A6D00BFEAB4 /* DetailMapViewTableViewCell.swift */; };
		6452072727CFCB7A001DD906 /* AppDelegate.swift in Sources */ = {isa = PBXBuildFile; fileRef = 6452072627CFCB7A001DD906 /* AppDelegate.swift */; };
		6452072927CFCB7A001DD906 /* SceneDelegate.swift in Sources */ = {isa = PBXBuildFile; fileRef = 6452072827CFCB7A001DD906 /* SceneDelegate.swift */; };
		6452072B27CFCB7A001DD906 /* ViewController.swift in Sources */ = {isa = PBXBuildFile; fileRef = 6452072A27CFCB7A001DD906 /* ViewController.swift */; };
		6452072E27CFCB7A001DD906 /* Main.storyboard in Resources */ = {isa = PBXBuildFile; fileRef = 6452072C27CFCB7A001DD906 /* Main.storyboard */; };
		6452073127CFCB7A001DD906 /* TravelBook.xcdatamodeld in Sources */ = {isa = PBXBuildFile; fileRef = 6452072F27CFCB7A001DD906 /* TravelBook.xcdatamodeld */; };
		6452073327CFCB7B001DD906 /* Assets.xcassets in Resources */ = {isa = PBXBuildFile; fileRef = 6452073227CFCB7B001DD906 /* Assets.xcassets */; };
		6452073627CFCB7B001DD906 /* LaunchScreen.storyboard in Resources */ = {isa = PBXBuildFile; fileRef = 6452073427CFCB7B001DD906 /* LaunchScreen.storyboard */; };
		6452074127CFCB7B001DD906 /* TravelBookTests.swift in Sources */ = {isa = PBXBuildFile; fileRef = 6452074027CFCB7B001DD906 /* TravelBookTests.swift */; };
		6452074B27CFCB7B001DD906 /* TravelBookUITests.swift in Sources */ = {isa = PBXBuildFile; fileRef = 6452074A27CFCB7B001DD906 /* TravelBookUITests.swift */; };
		6452074D27CFCB7B001DD906 /* TravelBookUITestsLaunchTests.swift in Sources */ = {isa = PBXBuildFile; fileRef = 6452074C27CFCB7B001DD906 /* TravelBookUITestsLaunchTests.swift */; };
		645CD02727CFF4600003BFEF /* PlaceTableViewCell.swift in Sources */ = {isa = PBXBuildFile; fileRef = 645CD02627CFF4600003BFEF /* PlaceTableViewCell.swift */; };
		645CD02927D0039D0003BFEF /* Place.swift in Sources */ = {isa = PBXBuildFile; fileRef = 645CD02827D0039D0003BFEF /* Place.swift */; };
		645CD03027D00DD30003BFEF /* DetailViewController.swift in Sources */ = {isa = PBXBuildFile; fileRef = 645CD02F27D00DD30003BFEF /* DetailViewController.swift */; };
		645CD03227D00F640003BFEF /* SliderCollectionViewCell.swift in Sources */ = {isa = PBXBuildFile; fileRef = 645CD03127D00F640003BFEF /* SliderCollectionViewCell.swift */; };
		647C6ED527D242A300212BCE /* AddTableViewController.swift in Sources */ = {isa = PBXBuildFile; fileRef = 647C6ED427D242A300212BCE /* AddTableViewController.swift */; };
		753035D3503D25FDA938A34F /* Pods_TravelBook.framework in Frameworks */ = {isa = PBXBuildFile; fileRef = 25E7C937955A9B087D6301F5 /* Pods_TravelBook.framework */; };
		FD7D7858FECD4A476B8A1EC9 /* Pods_TravelBookTests.framework in Frameworks */ = {isa = PBXBuildFile; fileRef = E80F073D561697CF53B420D9 /* Pods_TravelBookTests.framework */; };
/* End PBXBuildFile section */

/* Begin PBXContainerItemProxy section */
		6452073D27CFCB7B001DD906 /* PBXContainerItemProxy */ = {
			isa = PBXContainerItemProxy;
			containerPortal = 6452071B27CFCB7A001DD906 /* Project object */;
			proxyType = 1;
			remoteGlobalIDString = 6452072227CFCB7A001DD906;
			remoteInfo = TravelBook;
		};
		6452074727CFCB7B001DD906 /* PBXContainerItemProxy */ = {
			isa = PBXContainerItemProxy;
			containerPortal = 6452071B27CFCB7A001DD906 /* Project object */;
			proxyType = 1;
			remoteGlobalIDString = 6452072227CFCB7A001DD906;
			remoteInfo = TravelBook;
		};
/* End PBXContainerItemProxy section */

/* Begin PBXFileReference section */
		25E7C937955A9B087D6301F5 /* Pods_TravelBook.framework */ = {isa = PBXFileReference; explicitFileType = wrapper.framework; includeInIndex = 0; path = Pods_TravelBook.framework; sourceTree = BUILT_PRODUCTS_DIR; };
		4BE6E1C02E75392161D3D38E /* Pods-TravelBook.release.xcconfig */ = {isa = PBXFileReference; includeInIndex = 1; lastKnownFileType = text.xcconfig; name = "Pods-TravelBook.release.xcconfig"; path = "Target Support Files/Pods-TravelBook/Pods-TravelBook.release.xcconfig"; sourceTree = "<group>"; };
		4C3641650F2036A10BD21F46 /* Pods-TravelBook-TravelBookUITests.release.xcconfig */ = {isa = PBXFileReference; includeInIndex = 1; lastKnownFileType = text.xcconfig; name = "Pods-TravelBook-TravelBookUITests.release.xcconfig"; path = "Target Support Files/Pods-TravelBook-TravelBookUITests/Pods-TravelBook-TravelBookUITests.release.xcconfig"; sourceTree = "<group>"; };
		4ED1575F42CEAE56B5EF421B /* Pods-TravelBookTests.release.xcconfig */ = {isa = PBXFileReference; includeInIndex = 1; lastKnownFileType = text.xcconfig; name = "Pods-TravelBookTests.release.xcconfig"; path = "Target Support Files/Pods-TravelBookTests/Pods-TravelBookTests.release.xcconfig"; sourceTree = "<group>"; };
		4F7A1F834FE8B7F3C105471B /* Pods-TravelBook-TravelBookUITests.debug.xcconfig */ = {isa = PBXFileReference; includeInIndex = 1; lastKnownFileType = text.xcconfig; name = "Pods-TravelBook-TravelBookUITests.debug.xcconfig"; path = "Target Support Files/Pods-TravelBook-TravelBookUITests/Pods-TravelBook-TravelBookUITests.debug.xcconfig"; sourceTree = "<group>"; };
		64129E9827D1D4D300BFEAB4 /* DetailDescriptionTableViewCell.swift */ = {isa = PBXFileReference; lastKnownFileType = sourcecode.swift; path = DetailDescriptionTableViewCell.swift; sourceTree = "<group>"; };
		64129E9A27D2045E00BFEAB4 /* DetailNameTableViewCell.swift */ = {isa = PBXFileReference; lastKnownFileType = sourcecode.swift; path = DetailNameTableViewCell.swift; sourceTree = "<group>"; };
		64129E9C27D20A6D00BFEAB4 /* DetailMapViewTableViewCell.swift */ = {isa = PBXFileReference; lastKnownFileType = sourcecode.swift; path = DetailMapViewTableViewCell.swift; sourceTree = "<group>"; };
		6452072327CFCB7A001DD906 /* TravelBook.app */ = {isa = PBXFileReference; explicitFileType = wrapper.application; includeInIndex = 0; path = TravelBook.app; sourceTree = BUILT_PRODUCTS_DIR; };
		6452072627CFCB7A001DD906 /* AppDelegate.swift */ = {isa = PBXFileReference; lastKnownFileType = sourcecode.swift; path = AppDelegate.swift; sourceTree = "<group>"; };
		6452072827CFCB7A001DD906 /* SceneDelegate.swift */ = {isa = PBXFileReference; lastKnownFileType = sourcecode.swift; path = SceneDelegate.swift; sourceTree = "<group>"; };
		6452072A27CFCB7A001DD906 /* ViewController.swift */ = {isa = PBXFileReference; lastKnownFileType = sourcecode.swift; path = ViewController.swift; sourceTree = "<group>"; };
		6452072D27CFCB7A001DD906 /* Base */ = {isa = PBXFileReference; lastKnownFileType = file.storyboard; name = Base; path = Base.lproj/Main.storyboard; sourceTree = "<group>"; };
		6452073027CFCB7A001DD906 /* TravelBook.xcdatamodel */ = {isa = PBXFileReference; lastKnownFileType = wrapper.xcdatamodel; path = TravelBook.xcdatamodel; sourceTree = "<group>"; };
		6452073227CFCB7B001DD906 /* Assets.xcassets */ = {isa = PBXFileReference; lastKnownFileType = folder.assetcatalog; path = Assets.xcassets; sourceTree = "<group>"; };
		6452073527CFCB7B001DD906 /* Base */ = {isa = PBXFileReference; lastKnownFileType = file.storyboard; name = Base; path = Base.lproj/LaunchScreen.storyboard; sourceTree = "<group>"; };
		6452073727CFCB7B001DD906 /* Info.plist */ = {isa = PBXFileReference; lastKnownFileType = text.plist.xml; path = Info.plist; sourceTree = "<group>"; };
		6452073C27CFCB7B001DD906 /* TravelBookTests.xctest */ = {isa = PBXFileReference; explicitFileType = wrapper.cfbundle; includeInIndex = 0; path = TravelBookTests.xctest; sourceTree = BUILT_PRODUCTS_DIR; };
		6452074027CFCB7B001DD906 /* TravelBookTests.swift */ = {isa = PBXFileReference; lastKnownFileType = sourcecode.swift; path = TravelBookTests.swift; sourceTree = "<group>"; };
		6452074627CFCB7B001DD906 /* TravelBookUITests.xctest */ = {isa = PBXFileReference; explicitFileType = wrapper.cfbundle; includeInIndex = 0; path = TravelBookUITests.xctest; sourceTree = BUILT_PRODUCTS_DIR; };
		6452074A27CFCB7B001DD906 /* TravelBookUITests.swift */ = {isa = PBXFileReference; lastKnownFileType = sourcecode.swift; path = TravelBookUITests.swift; sourceTree = "<group>"; };
		6452074C27CFCB7B001DD906 /* TravelBookUITestsLaunchTests.swift */ = {isa = PBXFileReference; lastKnownFileType = sourcecode.swift; path = TravelBookUITestsLaunchTests.swift; sourceTree = "<group>"; };
		645CD02627CFF4600003BFEF /* PlaceTableViewCell.swift */ = {isa = PBXFileReference; lastKnownFileType = sourcecode.swift; path = PlaceTableViewCell.swift; sourceTree = "<group>"; };
		645CD02827D0039D0003BFEF /* Place.swift */ = {isa = PBXFileReference; lastKnownFileType = sourcecode.swift; path = Place.swift; sourceTree = "<group>"; };
		645CD02F27D00DD30003BFEF /* DetailViewController.swift */ = {isa = PBXFileReference; lastKnownFileType = sourcecode.swift; path = DetailViewController.swift; sourceTree = "<group>"; };
		645CD03127D00F640003BFEF /* SliderCollectionViewCell.swift */ = {isa = PBXFileReference; lastKnownFileType = sourcecode.swift; path = SliderCollectionViewCell.swift; sourceTree = "<group>"; };
		647C6ED427D242A300212BCE /* AddTableViewController.swift */ = {isa = PBXFileReference; lastKnownFileType = sourcecode.swift; path = AddTableViewController.swift; sourceTree = "<group>"; };
		882B4B58183BE82B09A721B5 /* Pods_TravelBook_TravelBookUITests.framework */ = {isa = PBXFileReference; explicitFileType = wrapper.framework; includeInIndex = 0; path = Pods_TravelBook_TravelBookUITests.framework; sourceTree = BUILT_PRODUCTS_DIR; };
		94D3F70E729AC5738173153B /* Pods-TravelBookTests.debug.xcconfig */ = {isa = PBXFileReference; includeInIndex = 1; lastKnownFileType = text.xcconfig; name = "Pods-TravelBookTests.debug.xcconfig"; path = "Target Support Files/Pods-TravelBookTests/Pods-TravelBookTests.debug.xcconfig"; sourceTree = "<group>"; };
		E80F073D561697CF53B420D9 /* Pods_TravelBookTests.framework */ = {isa = PBXFileReference; explicitFileType = wrapper.framework; includeInIndex = 0; path = Pods_TravelBookTests.framework; sourceTree = BUILT_PRODUCTS_DIR; };
		F5DB3DDCC32E1D588DB3C6F8 /* Pods-TravelBook.debug.xcconfig */ = {isa = PBXFileReference; includeInIndex = 1; lastKnownFileType = text.xcconfig; name = "Pods-TravelBook.debug.xcconfig"; path = "Target Support Files/Pods-TravelBook/Pods-TravelBook.debug.xcconfig"; sourceTree = "<group>"; };
/* End PBXFileReference section */

/* Begin PBXFrameworksBuildPhase section */
		6452072027CFCB7A001DD906 /* Frameworks */ = {
			isa = PBXFrameworksBuildPhase;
			buildActionMask = 2147483647;
			files = (
				753035D3503D25FDA938A34F /* Pods_TravelBook.framework in Frameworks */,
			);
			runOnlyForDeploymentPostprocessing = 0;
		};
		6452073927CFCB7B001DD906 /* Frameworks */ = {
			isa = PBXFrameworksBuildPhase;
			buildActionMask = 2147483647;
			files = (
				FD7D7858FECD4A476B8A1EC9 /* Pods_TravelBookTests.framework in Frameworks */,
			);
			runOnlyForDeploymentPostprocessing = 0;
		};
		6452074327CFCB7B001DD906 /* Frameworks */ = {
			isa = PBXFrameworksBuildPhase;
			buildActionMask = 2147483647;
			files = (
				613810AE317D8854763C7B7E /* Pods_TravelBook_TravelBookUITests.framework in Frameworks */,
			);
			runOnlyForDeploymentPostprocessing = 0;
		};
/* End PBXFrameworksBuildPhase section */

/* Begin PBXGroup section */
		123EB7F3E7CA59139FD6E33D /* Pods */ = {
			isa = PBXGroup;
			children = (
				F5DB3DDCC32E1D588DB3C6F8 /* Pods-TravelBook.debug.xcconfig */,
				4BE6E1C02E75392161D3D38E /* Pods-TravelBook.release.xcconfig */,
				4F7A1F834FE8B7F3C105471B /* Pods-TravelBook-TravelBookUITests.debug.xcconfig */,
				4C3641650F2036A10BD21F46 /* Pods-TravelBook-TravelBookUITests.release.xcconfig */,
				94D3F70E729AC5738173153B /* Pods-TravelBookTests.debug.xcconfig */,
				4ED1575F42CEAE56B5EF421B /* Pods-TravelBookTests.release.xcconfig */,
			);
			name = Pods;
			path = Pods;
			sourceTree = "<group>";
		};
		133085B2F8D9AA14F8C5AB5B /* Frameworks */ = {
			isa = PBXGroup;
			children = (
				25E7C937955A9B087D6301F5 /* Pods_TravelBook.framework */,
				882B4B58183BE82B09A721B5 /* Pods_TravelBook_TravelBookUITests.framework */,
				E80F073D561697CF53B420D9 /* Pods_TravelBookTests.framework */,
			);
			name = Frameworks;
			sourceTree = "<group>";
		};
		6452071A27CFCB7A001DD906 = {
			isa = PBXGroup;
			children = (
				6452072527CFCB7A001DD906 /* TravelBook */,
				6452073F27CFCB7B001DD906 /* TravelBookTests */,
				6452074927CFCB7B001DD906 /* TravelBookUITests */,
				6452072427CFCB7A001DD906 /* Products */,
				123EB7F3E7CA59139FD6E33D /* Pods */,
				133085B2F8D9AA14F8C5AB5B /* Frameworks */,
			);
			sourceTree = "<group>";
		};
		6452072427CFCB7A001DD906 /* Products */ = {
			isa = PBXGroup;
			children = (
				6452072327CFCB7A001DD906 /* TravelBook.app */,
				6452073C27CFCB7B001DD906 /* TravelBookTests.xctest */,
				6452074627CFCB7B001DD906 /* TravelBookUITests.xctest */,
			);
			name = Products;
			sourceTree = "<group>";
		};
		6452072527CFCB7A001DD906 /* TravelBook */ = {
			isa = PBXGroup;
			children = (
				645CD02E27D007AC0003BFEF /* Storyboard */,
				645CD02A27D007390003BFEF /* Model */,
				645CD02B27D007470003BFEF /* View */,
				645CD02C27D007520003BFEF /* Controller */,
				6452073227CFCB7B001DD906 /* Assets.xcassets */,
				6452073727CFCB7B001DD906 /* Info.plist */,
				6452072F27CFCB7A001DD906 /* TravelBook.xcdatamodeld */,
				6452072627CFCB7A001DD906 /* AppDelegate.swift */,
				6452072827CFCB7A001DD906 /* SceneDelegate.swift */,
			);
			path = TravelBook;
			sourceTree = "<group>";
		};
		6452073F27CFCB7B001DD906 /* TravelBookTests */ = {
			isa = PBXGroup;
			children = (
				6452074027CFCB7B001DD906 /* TravelBookTests.swift */,
			);
			path = TravelBookTests;
			sourceTree = "<group>";
		};
		6452074927CFCB7B001DD906 /* TravelBookUITests */ = {
			isa = PBXGroup;
			children = (
				6452074A27CFCB7B001DD906 /* TravelBookUITests.swift */,
				6452074C27CFCB7B001DD906 /* TravelBookUITestsLaunchTests.swift */,
			);
			path = TravelBookUITests;
			sourceTree = "<group>";
		};
		645CD02A27D007390003BFEF /* Model */ = {
			isa = PBXGroup;
			children = (
				645CD02827D0039D0003BFEF /* Place.swift */,
			);
			path = Model;
			sourceTree = "<group>";
		};
		645CD02B27D007470003BFEF /* View */ = {
			isa = PBXGroup;
			children = (
				645CD02627CFF4600003BFEF /* PlaceTableViewCell.swift */,
				645CD03127D00F640003BFEF /* SliderCollectionViewCell.swift */,
				64129E9A27D2045E00BFEAB4 /* DetailNameTableViewCell.swift */,
				64129E9827D1D4D300BFEAB4 /* DetailDescriptionTableViewCell.swift */,
				64129E9C27D20A6D00BFEAB4 /* DetailMapViewTableViewCell.swift */,
			);
			path = View;
			sourceTree = "<group>";
		};
		645CD02C27D007520003BFEF /* Controller */ = {
			isa = PBXGroup;
			children = (
				6452072A27CFCB7A001DD906 /* ViewController.swift */,
				645CD02F27D00DD30003BFEF /* DetailViewController.swift */,
				647C6ED427D242A300212BCE /* AddTableViewController.swift */,
			);
			path = Controller;
			sourceTree = "<group>";
		};
		645CD02E27D007AC0003BFEF /* Storyboard */ = {
			isa = PBXGroup;
			children = (
				6452073427CFCB7B001DD906 /* LaunchScreen.storyboard */,
				6452072C27CFCB7A001DD906 /* Main.storyboard */,
			);
			path = Storyboard;
			sourceTree = "<group>";
		};
/* End PBXGroup section */

/* Begin PBXNativeTarget section */
		6452072227CFCB7A001DD906 /* TravelBook */ = {
			isa = PBXNativeTarget;
			buildConfigurationList = 6452075027CFCB7B001DD906 /* Build configuration list for PBXNativeTarget "TravelBook" */;
			buildPhases = (
				000D94F3A723E1002DB06542 /* [CP] Check Pods Manifest.lock */,
				6452071F27CFCB7A001DD906 /* Sources */,
				6452072027CFCB7A001DD906 /* Frameworks */,
				6452072127CFCB7A001DD906 /* Resources */,
				57AAA141C1638D8E25B4B5AC /* [CP] Embed Pods Frameworks */,
			);
			buildRules = (
			);
			dependencies = (
			);
			name = TravelBook;
			productName = TravelBook;
			productReference = 6452072327CFCB7A001DD906 /* TravelBook.app */;
			productType = "com.apple.product-type.application";
		};
		6452073B27CFCB7B001DD906 /* TravelBookTests */ = {
			isa = PBXNativeTarget;
			buildConfigurationList = 6452075327CFCB7B001DD906 /* Build configuration list for PBXNativeTarget "TravelBookTests" */;
			buildPhases = (
				58F14E5051516D13353B8F6F /* [CP] Check Pods Manifest.lock */,
				6452073827CFCB7B001DD906 /* Sources */,
				6452073927CFCB7B001DD906 /* Frameworks */,
				6452073A27CFCB7B001DD906 /* Resources */,
			);
			buildRules = (
			);
			dependencies = (
				6452073E27CFCB7B001DD906 /* PBXTargetDependency */,
			);
			name = TravelBookTests;
			productName = TravelBookTests;
			productReference = 6452073C27CFCB7B001DD906 /* TravelBookTests.xctest */;
			productType = "com.apple.product-type.bundle.unit-test";
		};
		6452074527CFCB7B001DD906 /* TravelBookUITests */ = {
			isa = PBXNativeTarget;
			buildConfigurationList = 6452075627CFCB7B001DD906 /* Build configuration list for PBXNativeTarget "TravelBookUITests" */;
			buildPhases = (
				E1057E4E747FF5DD3F2D171C /* [CP] Check Pods Manifest.lock */,
				6452074227CFCB7B001DD906 /* Sources */,
				6452074327CFCB7B001DD906 /* Frameworks */,
				6452074427CFCB7B001DD906 /* Resources */,
				A10B68D6FB4980F51487320A /* [CP] Embed Pods Frameworks */,
			);
			buildRules = (
			);
			dependencies = (
				6452074827CFCB7B001DD906 /* PBXTargetDependency */,
			);
			name = TravelBookUITests;
			productName = TravelBookUITests;
			productReference = 6452074627CFCB7B001DD906 /* TravelBookUITests.xctest */;
			productType = "com.apple.product-type.bundle.ui-testing";
		};
/* End PBXNativeTarget section */

/* Begin PBXProject section */
		6452071B27CFCB7A001DD906 /* Project object */ = {
			isa = PBXProject;
			attributes = {
				BuildIndependentTargetsInParallel = 1;
				LastSwiftUpdateCheck = 1320;
				LastUpgradeCheck = 1320;
				TargetAttributes = {
					6452072227CFCB7A001DD906 = {
						CreatedOnToolsVersion = 13.2;
					};
					6452073B27CFCB7B001DD906 = {
						CreatedOnToolsVersion = 13.2;
						TestTargetID = 6452072227CFCB7A001DD906;
					};
					6452074527CFCB7B001DD906 = {
						CreatedOnToolsVersion = 13.2;
						TestTargetID = 6452072227CFCB7A001DD906;
					};
				};
			};
			buildConfigurationList = 6452071E27CFCB7A001DD906 /* Build configuration list for PBXProject "TravelBook" */;
			compatibilityVersion = "Xcode 13.0";
			developmentRegion = en;
			hasScannedForEncodings = 0;
			knownRegions = (
				en,
				Base,
			);
			mainGroup = 6452071A27CFCB7A001DD906;
			productRefGroup = 6452072427CFCB7A001DD906 /* Products */;
			projectDirPath = "";
			projectRoot = "";
			targets = (
				6452072227CFCB7A001DD906 /* TravelBook */,
				6452073B27CFCB7B001DD906 /* TravelBookTests */,
				6452074527CFCB7B001DD906 /* TravelBookUITests */,
			);
		};
/* End PBXProject section */

/* Begin PBXResourcesBuildPhase section */
		6452072127CFCB7A001DD906 /* Resources */ = {
			isa = PBXResourcesBuildPhase;
			buildActionMask = 2147483647;
			files = (
				6452073627CFCB7B001DD906 /* LaunchScreen.storyboard in Resources */,
				6452073327CFCB7B001DD906 /* Assets.xcassets in Resources */,
				6452072E27CFCB7A001DD906 /* Main.storyboard in Resources */,
			);
			runOnlyForDeploymentPostprocessing = 0;
		};
		6452073A27CFCB7B001DD906 /* Resources */ = {
			isa = PBXResourcesBuildPhase;
			buildActionMask = 2147483647;
			files = (
			);
			runOnlyForDeploymentPostprocessing = 0;
		};
		6452074427CFCB7B001DD906 /* Resources */ = {
			isa = PBXResourcesBuildPhase;
			buildActionMask = 2147483647;
			files = (
			);
			runOnlyForDeploymentPostprocessing = 0;
		};
/* End PBXResourcesBuildPhase section */

/* Begin PBXShellScriptBuildPhase section */
		000D94F3A723E1002DB06542 /* [CP] Check Pods Manifest.lock */ = {
			isa = PBXShellScriptBuildPhase;
			buildActionMask = 2147483647;
			files = (
			);
			inputFileListPaths = (
			);
			inputPaths = (
				"${PODS_PODFILE_DIR_PATH}/Podfile.lock",
				"${PODS_ROOT}/Manifest.lock",
			);
			name = "[CP] Check Pods Manifest.lock";
			outputFileListPaths = (
			);
			outputPaths = (
				"$(DERIVED_FILE_DIR)/Pods-TravelBook-checkManifestLockResult.txt",
			);
			runOnlyForDeploymentPostprocessing = 0;
			shellPath = /bin/sh;
			shellScript = "diff \"${PODS_PODFILE_DIR_PATH}/Podfile.lock\" \"${PODS_ROOT}/Manifest.lock\" > /dev/null\nif [ $? != 0 ] ; then\n    # print error to STDERR\n    echo \"error: The sandbox is not in sync with the Podfile.lock. Run 'pod install' or update your CocoaPods installation.\" >&2\n    exit 1\nfi\n# This output is used by Xcode 'outputs' to avoid re-running this script phase.\necho \"SUCCESS\" > \"${SCRIPT_OUTPUT_FILE_0}\"\n";
			showEnvVarsInLog = 0;
		};
		57AAA141C1638D8E25B4B5AC /* [CP] Embed Pods Frameworks */ = {
			isa = PBXShellScriptBuildPhase;
			buildActionMask = 2147483647;
			files = (
			);
			inputFileListPaths = (
				"${PODS_ROOT}/Target Support Files/Pods-TravelBook/Pods-TravelBook-frameworks-${CONFIGURATION}-input-files.xcfilelist",
			);
			name = "[CP] Embed Pods Frameworks";
			outputFileListPaths = (
				"${PODS_ROOT}/Target Support Files/Pods-TravelBook/Pods-TravelBook-frameworks-${CONFIGURATION}-output-files.xcfilelist",
			);
			runOnlyForDeploymentPostprocessing = 0;
			shellPath = /bin/sh;
			shellScript = "\"${PODS_ROOT}/Target Support Files/Pods-TravelBook/Pods-TravelBook-frameworks.sh\"\n";
			showEnvVarsInLog = 0;
		};
		58F14E5051516D13353B8F6F /* [CP] Check Pods Manifest.lock */ = {
			isa = PBXShellScriptBuildPhase;
			buildActionMask = 2147483647;
			files = (
			);
			inputFileListPaths = (
			);
			inputPaths = (
				"${PODS_PODFILE_DIR_PATH}/Podfile.lock",
				"${PODS_ROOT}/Manifest.lock",
			);
			name = "[CP] Check Pods Manifest.lock";
			outputFileListPaths = (
			);
			outputPaths = (
				"$(DERIVED_FILE_DIR)/Pods-TravelBookTests-checkManifestLockResult.txt",
			);
			runOnlyForDeploymentPostprocessing = 0;
			shellPath = /bin/sh;
			shellScript = "diff \"${PODS_PODFILE_DIR_PATH}/Podfile.lock\" \"${PODS_ROOT}/Manifest.lock\" > /dev/null\nif [ $? != 0 ] ; then\n    # print error to STDERR\n    echo \"error: The sandbox is not in sync with the Podfile.lock. Run 'pod install' or update your CocoaPods installation.\" >&2\n    exit 1\nfi\n# This output is used by Xcode 'outputs' to avoid re-running this script phase.\necho \"SUCCESS\" > \"${SCRIPT_OUTPUT_FILE_0}\"\n";
			showEnvVarsInLog = 0;
		};
		A10B68D6FB4980F51487320A /* [CP] Embed Pods Frameworks */ = {
			isa = PBXShellScriptBuildPhase;
			buildActionMask = 2147483647;
			files = (
			);
			inputFileListPaths = (
				"${PODS_ROOT}/Target Support Files/Pods-TravelBook-TravelBookUITests/Pods-TravelBook-TravelBookUITests-frameworks-${CONFIGURATION}-input-files.xcfilelist",
			);
			name = "[CP] Embed Pods Frameworks";
			outputFileListPaths = (
				"${PODS_ROOT}/Target Support Files/Pods-TravelBook-TravelBookUITests/Pods-TravelBook-TravelBookUITests-frameworks-${CONFIGURATION}-output-files.xcfilelist",
			);
			runOnlyForDeploymentPostprocessing = 0;
			shellPath = /bin/sh;
			shellScript = "\"${PODS_ROOT}/Target Support Files/Pods-TravelBook-TravelBookUITests/Pods-TravelBook-TravelBookUITests-frameworks.sh\"\n";
			showEnvVarsInLog = 0;
		};
		E1057E4E747FF5DD3F2D171C /* [CP] Check Pods Manifest.lock */ = {
			isa = PBXShellScriptBuildPhase;
			buildActionMask = 2147483647;
			files = (
			);
			inputFileListPaths = (
			);
			inputPaths = (
				"${PODS_PODFILE_DIR_PATH}/Podfile.lock",
				"${PODS_ROOT}/Manifest.lock",
			);
			name = "[CP] Check Pods Manifest.lock";
			outputFileListPaths = (
			);
			outputPaths = (
				"$(DERIVED_FILE_DIR)/Pods-TravelBook-TravelBookUITests-checkManifestLockResult.txt",
			);
			runOnlyForDeploymentPostprocessing = 0;
			shellPath = /bin/sh;
			shellScript = "diff \"${PODS_PODFILE_DIR_PATH}/Podfile.lock\" \"${PODS_ROOT}/Manifest.lock\" > /dev/null\nif [ $? != 0 ] ; then\n    # print error to STDERR\n    echo \"error: The sandbox is not in sync with the Podfile.lock. Run 'pod install' or update your CocoaPods installation.\" >&2\n    exit 1\nfi\n# This output is used by Xcode 'outputs' to avoid re-running this script phase.\necho \"SUCCESS\" > \"${SCRIPT_OUTPUT_FILE_0}\"\n";
			showEnvVarsInLog = 0;
		};
/* End PBXShellScriptBuildPhase section */

/* Begin PBXSourcesBuildPhase section */
		6452071F27CFCB7A001DD906 /* Sources */ = {
			isa = PBXSourcesBuildPhase;
			buildActionMask = 2147483647;
			files = (
				6452073127CFCB7A001DD906 /* TravelBook.xcdatamodeld in Sources */,
				6452072B27CFCB7A001DD906 /* ViewController.swift in Sources */,
				6452072727CFCB7A001DD906 /* AppDelegate.swift in Sources */,
				64129E9927D1D4D300BFEAB4 /* DetailDescriptionTableViewCell.swift in Sources */,
				645CD03227D00F640003BFEF /* SliderCollectionViewCell.swift in Sources */,
				645CD02927D0039D0003BFEF /* Place.swift in Sources */,
				64129E9D27D20A6D00BFEAB4 /* DetailMapViewTableViewCell.swift in Sources */,
				6452072927CFCB7A001DD906 /* SceneDelegate.swift in Sources */,
				64129E9B27D2045E00BFEAB4 /* DetailNameTableViewCell.swift in Sources */,
				645CD02727CFF4600003BFEF /* PlaceTableViewCell.swift in Sources */,
				645CD03027D00DD30003BFEF /* DetailViewController.swift in Sources */,
				647C6ED527D242A300212BCE /* AddTableViewController.swift in Sources */,
			);
			runOnlyForDeploymentPostprocessing = 0;
		};
		6452073827CFCB7B001DD906 /* Sources */ = {
			isa = PBXSourcesBuildPhase;
			buildActionMask = 2147483647;
			files = (
				6452074127CFCB7B001DD906 /* TravelBookTests.swift in Sources */,
			);
			runOnlyForDeploymentPostprocessing = 0;
		};
		6452074227CFCB7B001DD906 /* Sources */ = {
			isa = PBXSourcesBuildPhase;
			buildActionMask = 2147483647;
			files = (
				6452074B27CFCB7B001DD906 /* TravelBookUITests.swift in Sources */,
				6452074D27CFCB7B001DD906 /* TravelBookUITestsLaunchTests.swift in Sources */,
			);
			runOnlyForDeploymentPostprocessing = 0;
		};
/* End PBXSourcesBuildPhase section */

/* Begin PBXTargetDependency section */
		6452073E27CFCB7B001DD906 /* PBXTargetDependency */ = {
			isa = PBXTargetDependency;
			target = 6452072227CFCB7A001DD906 /* TravelBook */;
			targetProxy = 6452073D27CFCB7B001DD906 /* PBXContainerItemProxy */;
		};
		6452074827CFCB7B001DD906 /* PBXTargetDependency */ = {
			isa = PBXTargetDependency;
			target = 6452072227CFCB7A001DD906 /* TravelBook */;
			targetProxy = 6452074727CFCB7B001DD906 /* PBXContainerItemProxy */;
		};
/* End PBXTargetDependency section */

/* Begin PBXVariantGroup section */
		6452072C27CFCB7A001DD906 /* Main.storyboard */ = {
			isa = PBXVariantGroup;
			children = (
				6452072D27CFCB7A001DD906 /* Base */,
			);
			name = Main.storyboard;
			sourceTree = "<group>";
		};
		6452073427CFCB7B001DD906 /* LaunchScreen.storyboard */ = {
			isa = PBXVariantGroup;
			children = (
				6452073527CFCB7B001DD906 /* Base */,
			);
			name = LaunchScreen.storyboard;
			sourceTree = "<group>";
		};
/* End PBXVariantGroup section */

/* Begin XCBuildConfiguration section */
		6452074E27CFCB7B001DD906 /* Debug */ = {
			isa = XCBuildConfiguration;
			buildSettings = {
				ALWAYS_SEARCH_USER_PATHS = NO;
				CLANG_ANALYZER_NONNULL = YES;
				CLANG_ANALYZER_NUMBER_OBJECT_CONVERSION = YES_AGGRESSIVE;
				CLANG_CXX_LANGUAGE_STANDARD = "gnu++17";
				CLANG_CXX_LIBRARY = "libc++";
				CLANG_ENABLE_MODULES = YES;
				CLANG_ENABLE_OBJC_ARC = YES;
				CLANG_ENABLE_OBJC_WEAK = YES;
				CLANG_WARN_BLOCK_CAPTURE_AUTORELEASING = YES;
				CLANG_WARN_BOOL_CONVERSION = YES;
				CLANG_WARN_COMMA = YES;
				CLANG_WARN_CONSTANT_CONVERSION = YES;
				CLANG_WARN_DEPRECATED_OBJC_IMPLEMENTATIONS = YES;
				CLANG_WARN_DIRECT_OBJC_ISA_USAGE = YES_ERROR;
				CLANG_WARN_DOCUMENTATION_COMMENTS = YES;
				CLANG_WARN_EMPTY_BODY = YES;
				CLANG_WARN_ENUM_CONVERSION = YES;
				CLANG_WARN_INFINITE_RECURSION = YES;
				CLANG_WARN_INT_CONVERSION = YES;
				CLANG_WARN_NON_LITERAL_NULL_CONVERSION = YES;
				CLANG_WARN_OBJC_IMPLICIT_RETAIN_SELF = YES;
				CLANG_WARN_OBJC_LITERAL_CONVERSION = YES;
				CLANG_WARN_OBJC_ROOT_CLASS = YES_ERROR;
				CLANG_WARN_QUOTED_INCLUDE_IN_FRAMEWORK_HEADER = YES;
				CLANG_WARN_RANGE_LOOP_ANALYSIS = YES;
				CLANG_WARN_STRICT_PROTOTYPES = YES;
				CLANG_WARN_SUSPICIOUS_MOVE = YES;
				CLANG_WARN_UNGUARDED_AVAILABILITY = YES_AGGRESSIVE;
				CLANG_WARN_UNREACHABLE_CODE = YES;
				CLANG_WARN__DUPLICATE_METHOD_MATCH = YES;
				COPY_PHASE_STRIP = NO;
				DEBUG_INFORMATION_FORMAT = dwarf;
				ENABLE_STRICT_OBJC_MSGSEND = YES;
				ENABLE_TESTABILITY = YES;
				GCC_C_LANGUAGE_STANDARD = gnu11;
				GCC_DYNAMIC_NO_PIC = NO;
				GCC_NO_COMMON_BLOCKS = YES;
				GCC_OPTIMIZATION_LEVEL = 0;
				GCC_PREPROCESSOR_DEFINITIONS = (
					"DEBUG=1",
					"$(inherited)",
				);
				GCC_WARN_64_TO_32_BIT_CONVERSION = YES;
				GCC_WARN_ABOUT_RETURN_TYPE = YES_ERROR;
				GCC_WARN_UNDECLARED_SELECTOR = YES;
				GCC_WARN_UNINITIALIZED_AUTOS = YES_AGGRESSIVE;
				GCC_WARN_UNUSED_FUNCTION = YES;
				GCC_WARN_UNUSED_VARIABLE = YES;
				IPHONEOS_DEPLOYMENT_TARGET = 15.2;
				MTL_ENABLE_DEBUG_INFO = INCLUDE_SOURCE;
				MTL_FAST_MATH = YES;
				ONLY_ACTIVE_ARCH = YES;
				SDKROOT = iphoneos;
				SWIFT_ACTIVE_COMPILATION_CONDITIONS = DEBUG;
				SWIFT_OPTIMIZATION_LEVEL = "-Onone";
			};
			name = Debug;
		};
		6452074F27CFCB7B001DD906 /* Release */ = {
			isa = XCBuildConfiguration;
			buildSettings = {
				ALWAYS_SEARCH_USER_PATHS = NO;
				CLANG_ANALYZER_NONNULL = YES;
				CLANG_ANALYZER_NUMBER_OBJECT_CONVERSION = YES_AGGRESSIVE;
				CLANG_CXX_LANGUAGE_STANDARD = "gnu++17";
				CLANG_CXX_LIBRARY = "libc++";
				CLANG_ENABLE_MODULES = YES;
				CLANG_ENABLE_OBJC_ARC = YES;
				CLANG_ENABLE_OBJC_WEAK = YES;
				CLANG_WARN_BLOCK_CAPTURE_AUTORELEASING = YES;
				CLANG_WARN_BOOL_CONVERSION = YES;
				CLANG_WARN_COMMA = YES;
				CLANG_WARN_CONSTANT_CONVERSION = YES;
				CLANG_WARN_DEPRECATED_OBJC_IMPLEMENTATIONS = YES;
				CLANG_WARN_DIRECT_OBJC_ISA_USAGE = YES_ERROR;
				CLANG_WARN_DOCUMENTATION_COMMENTS = YES;
				CLANG_WARN_EMPTY_BODY = YES;
				CLANG_WARN_ENUM_CONVERSION = YES;
				CLANG_WARN_INFINITE_RECURSION = YES;
				CLANG_WARN_INT_CONVERSION = YES;
				CLANG_WARN_NON_LITERAL_NULL_CONVERSION = YES;
				CLANG_WARN_OBJC_IMPLICIT_RETAIN_SELF = YES;
				CLANG_WARN_OBJC_LITERAL_CONVERSION = YES;
				CLANG_WARN_OBJC_ROOT_CLASS = YES_ERROR;
				CLANG_WARN_QUOTED_INCLUDE_IN_FRAMEWORK_HEADER = YES;
				CLANG_WARN_RANGE_LOOP_ANALYSIS = YES;
				CLANG_WARN_STRICT_PROTOTYPES = YES;
				CLANG_WARN_SUSPICIOUS_MOVE = YES;
				CLANG_WARN_UNGUARDED_AVAILABILITY = YES_AGGRESSIVE;
				CLANG_WARN_UNREACHABLE_CODE = YES;
				CLANG_WARN__DUPLICATE_METHOD_MATCH = YES;
				COPY_PHASE_STRIP = NO;
				DEBUG_INFORMATION_FORMAT = "dwarf-with-dsym";
				ENABLE_NS_ASSERTIONS = NO;
				ENABLE_STRICT_OBJC_MSGSEND = YES;
				GCC_C_LANGUAGE_STANDARD = gnu11;
				GCC_NO_COMMON_BLOCKS = YES;
				GCC_WARN_64_TO_32_BIT_CONVERSION = YES;
				GCC_WARN_ABOUT_RETURN_TYPE = YES_ERROR;
				GCC_WARN_UNDECLARED_SELECTOR = YES;
				GCC_WARN_UNINITIALIZED_AUTOS = YES_AGGRESSIVE;
				GCC_WARN_UNUSED_FUNCTION = YES;
				GCC_WARN_UNUSED_VARIABLE = YES;
				IPHONEOS_DEPLOYMENT_TARGET = 15.2;
				MTL_ENABLE_DEBUG_INFO = NO;
				MTL_FAST_MATH = YES;
				SDKROOT = iphoneos;
				SWIFT_COMPILATION_MODE = wholemodule;
				SWIFT_OPTIMIZATION_LEVEL = "-O";
				VALIDATE_PRODUCT = YES;
			};
			name = Release;
		};
		6452075127CFCB7B001DD906 /* Debug */ = {
			isa = XCBuildConfiguration;
			baseConfigurationReference = F5DB3DDCC32E1D588DB3C6F8 /* Pods-TravelBook.debug.xcconfig */;
			buildSettings = {
				ASSETCATALOG_COMPILER_APPICON_NAME = AppIcon;
				ASSETCATALOG_COMPILER_GLOBAL_ACCENT_COLOR_NAME = AccentColor;
				CODE_SIGN_STYLE = Automatic;
				CURRENT_PROJECT_VERSION = 1;
				DEVELOPMENT_TEAM = B3H6X5FVJQ;
				GENERATE_INFOPLIST_FILE = YES;
				INFOPLIST_FILE = TravelBook/Info.plist;
				INFOPLIST_KEY_UIApplicationSupportsIndirectInputEvents = YES;
				INFOPLIST_KEY_UILaunchStoryboardName = LaunchScreen;
				INFOPLIST_KEY_UIMainStoryboardFile = Main;
				INFOPLIST_KEY_UISupportedInterfaceOrientations_iPad = "UIInterfaceOrientationPortrait UIInterfaceOrientationPortraitUpsideDown UIInterfaceOrientationLandscapeLeft UIInterfaceOrientationLandscapeRight";
				INFOPLIST_KEY_UISupportedInterfaceOrientations_iPhone = "UIInterfaceOrientationPortrait UIInterfaceOrientationLandscapeLeft UIInterfaceOrientationLandscapeRight";
				LD_RUNPATH_SEARCH_PATHS = (
					"$(inherited)",
					"@executable_path/Frameworks",
				);
				MARKETING_VERSION = 1.0;
				PRODUCT_BUNDLE_IDENTIFIER = info.TravelBook;
				PRODUCT_NAME = "$(TARGET_NAME)";
				SWIFT_EMIT_LOC_STRINGS = YES;
				SWIFT_VERSION = 5.0;
				TARGETED_DEVICE_FAMILY = "1,2";
			};
			name = Debug;
		};
		6452075227CFCB7B001DD906 /* Release */ = {
			isa = XCBuildConfiguration;
			baseConfigurationReference = 4BE6E1C02E75392161D3D38E /* Pods-TravelBook.release.xcconfig */;
			buildSettings = {
				ASSETCATALOG_COMPILER_APPICON_NAME = AppIcon;
				ASSETCATALOG_COMPILER_GLOBAL_ACCENT_COLOR_NAME = AccentColor;
				CODE_SIGN_STYLE = Automatic;
				CURRENT_PROJECT_VERSION = 1;
				DEVELOPMENT_TEAM = B3H6X5FVJQ;
				GENERATE_INFOPLIST_FILE = YES;
				INFOPLIST_FILE = TravelBook/Info.plist;
				INFOPLIST_KEY_UIApplicationSupportsIndirectInputEvents = YES;
				INFOPLIST_KEY_UILaunchStoryboardName = LaunchScreen;
				INFOPLIST_KEY_UIMainStoryboardFile = Main;
				INFOPLIST_KEY_UISupportedInterfaceOrientations_iPad = "UIInterfaceOrientationPortrait UIInterfaceOrientationPortraitUpsideDown UIInterfaceOrientationLandscapeLeft UIInterfaceOrientationLandscapeRight";
				INFOPLIST_KEY_UISupportedInterfaceOrientations_iPhone = "UIInterfaceOrientationPortrait UIInterfaceOrientationLandscapeLeft UIInterfaceOrientationLandscapeRight";
				LD_RUNPATH_SEARCH_PATHS = (
					"$(inherited)",
					"@executable_path/Frameworks",
				);
				MARKETING_VERSION = 1.0;
				PRODUCT_BUNDLE_IDENTIFIER = info.TravelBook;
				PRODUCT_NAME = "$(TARGET_NAME)";
				SWIFT_EMIT_LOC_STRINGS = YES;
				SWIFT_VERSION = 5.0;
				TARGETED_DEVICE_FAMILY = "1,2";
			};
			name = Release;
		};
		6452075427CFCB7B001DD906 /* Debug */ = {
			isa = XCBuildConfiguration;
			baseConfigurationReference = 94D3F70E729AC5738173153B /* Pods-TravelBookTests.debug.xcconfig */;
			buildSettings = {
				ALWAYS_EMBED_SWIFT_STANDARD_LIBRARIES = YES;
				BUNDLE_LOADER = "$(TEST_HOST)";
				CODE_SIGN_STYLE = Automatic;
				CURRENT_PROJECT_VERSION = 1;
				DEVELOPMENT_TEAM = B3H6X5FVJQ;
				GENERATE_INFOPLIST_FILE = YES;
				IPHONEOS_DEPLOYMENT_TARGET = 15.2;
				MARKETING_VERSION = 1.0;
				PRODUCT_BUNDLE_IDENTIFIER = info.TravelBookTests;
				PRODUCT_NAME = "$(TARGET_NAME)";
				SWIFT_EMIT_LOC_STRINGS = NO;
				SWIFT_VERSION = 5.0;
				TARGETED_DEVICE_FAMILY = "1,2";
				TEST_HOST = "$(BUILT_PRODUCTS_DIR)/TravelBook.app/TravelBook";
			};
			name = Debug;
		};
		6452075527CFCB7B001DD906 /* Release */ = {
			isa = XCBuildConfiguration;
			baseConfigurationReference = 4ED1575F42CEAE56B5EF421B /* Pods-TravelBookTests.release.xcconfig */;
			buildSettings = {
				ALWAYS_EMBED_SWIFT_STANDARD_LIBRARIES = YES;
				BUNDLE_LOADER = "$(TEST_HOST)";
				CODE_SIGN_STYLE = Automatic;
				CURRENT_PROJECT_VERSION = 1;
				DEVELOPMENT_TEAM = B3H6X5FVJQ;
				GENERATE_INFOPLIST_FILE = YES;
				IPHONEOS_DEPLOYMENT_TARGET = 15.2;
				MARKETING_VERSION = 1.0;
				PRODUCT_BUNDLE_IDENTIFIER = info.TravelBookTests;
				PRODUCT_NAME = "$(TARGET_NAME)";
				SWIFT_EMIT_LOC_STRINGS = NO;
				SWIFT_VERSION = 5.0;
				TARGETED_DEVICE_FAMILY = "1,2";
				TEST_HOST = "$(BUILT_PRODUCTS_DIR)/TravelBook.app/TravelBook";
			};
			name = Release;
		};
		6452075727CFCB7B001DD906 /* Debug */ = {
			isa = XCBuildConfiguration;
			baseConfigurationReference = 4F7A1F834FE8B7F3C105471B /* Pods-TravelBook-TravelBookUITests.debug.xcconfig */;
			buildSettings = {
				ALWAYS_EMBED_SWIFT_STANDARD_LIBRARIES = YES;
				CODE_SIGN_STYLE = Automatic;
				CURRENT_PROJECT_VERSION = 1;
				DEVELOPMENT_TEAM = B3H6X5FVJQ;
				GENERATE_INFOPLIST_FILE = YES;
				MARKETING_VERSION = 1.0;
				PRODUCT_BUNDLE_IDENTIFIER = info.TravelBookUITests;
				PRODUCT_NAME = "$(TARGET_NAME)";
				SWIFT_EMIT_LOC_STRINGS = NO;
				SWIFT_VERSION = 5.0;
				TARGETED_DEVICE_FAMILY = "1,2";
				TEST_TARGET_NAME = TravelBook;
			};
			name = Debug;
		};
		6452075827CFCB7B001DD906 /* Release */ = {
			isa = XCBuildConfiguration;
			baseConfigurationReference = 4C3641650F2036A10BD21F46 /* Pods-TravelBook-TravelBookUITests.release.xcconfig */;
			buildSettings = {
				ALWAYS_EMBED_SWIFT_STANDARD_LIBRARIES = YES;
				CODE_SIGN_STYLE = Automatic;
				CURRENT_PROJECT_VERSION = 1;
				DEVELOPMENT_TEAM = B3H6X5FVJQ;
				GENERATE_INFOPLIST_FILE = YES;
				MARKETING_VERSION = 1.0;
				PRODUCT_BUNDLE_IDENTIFIER = info.TravelBookUITests;
				PRODUCT_NAME = "$(TARGET_NAME)";
				SWIFT_EMIT_LOC_STRINGS = NO;
				SWIFT_VERSION = 5.0;
				TARGETED_DEVICE_FAMILY = "1,2";
				TEST_TARGET_NAME = TravelBook;
			};
			name = Release;
		};
/* End XCBuildConfiguration section */

/* Begin XCConfigurationList section */
		6452071E27CFCB7A001DD906 /* Build configuration list for PBXProject "TravelBook" */ = {
			isa = XCConfigurationList;
			buildConfigurations = (
				6452074E27CFCB7B001DD906 /* Debug */,
				6452074F27CFCB7B001DD906 /* Release */,
			);
			defaultConfigurationIsVisible = 0;
			defaultConfigurationName = Release;
		};
		6452075027CFCB7B001DD906 /* Build configuration list for PBXNativeTarget "TravelBook" */ = {
			isa = XCConfigurationList;
			buildConfigurations = (
				6452075127CFCB7B001DD906 /* Debug */,
				6452075227CFCB7B001DD906 /* Release */,
			);
			defaultConfigurationIsVisible = 0;
			defaultConfigurationName = Release;
		};
		6452075327CFCB7B001DD906 /* Build configuration list for PBXNativeTarget "TravelBookTests" */ = {
			isa = XCConfigurationList;
			buildConfigurations = (
				6452075427CFCB7B001DD906 /* Debug */,
				6452075527CFCB7B001DD906 /* Release */,
			);
			defaultConfigurationIsVisible = 0;
			defaultConfigurationName = Release;
		};
		6452075627CFCB7B001DD906 /* Build configuration list for PBXNativeTarget "TravelBookUITests" */ = {
			isa = XCConfigurationList;
			buildConfigurations = (
				6452075727CFCB7B001DD906 /* Debug */,
				6452075827CFCB7B001DD906 /* Release */,
			);
			defaultConfigurationIsVisible = 0;
			defaultConfigurationName = Release;
		};
/* End XCConfigurationList section */

/* Begin XCVersionGroup section */
		6452072F27CFCB7A001DD906 /* TravelBook.xcdatamodeld */ = {
			isa = XCVersionGroup;
			children = (
				6452073027CFCB7A001DD906 /* TravelBook.xcdatamodel */,
			);
			currentVersion = 6452073027CFCB7A001DD906 /* TravelBook.xcdatamodel */;
			path = TravelBook.xcdatamodeld;
			sourceTree = "<group>";
			versionGroupType = wrapper.xcdatamodel;
		};
/* End XCVersionGroup section */
	};
	rootObject = 6452071B27CFCB7A001DD906 /* Project object */;
}
